// !$*UTF8*$!
{
	archiveVersion = 1;
	classes = {
	};
	objectVersion = 46;
	objects = {

/* Begin PBXBuildFile section */
		006D720419952D00008149E2 /* AVFoundation.framework in Frameworks */ = {isa = PBXBuildFile; fileRef = 006D720219952D00008149E2 /* AVFoundation.framework */; };
		006D720519952D00008149E2 /* CoreMedia.framework in Frameworks */ = {isa = PBXBuildFile; fileRef = 006D720319952D00008149E2 /* CoreMedia.framework */; };
		0091D8F90E81B9330029341E /* OpenGL.framework in Frameworks */ = {isa = PBXBuildFile; fileRef = 0091D8F80E81B9330029341E /* OpenGL.framework */; };
		00B784B30FF439BC000DE1D7 /* Accelerate.framework in Frameworks */ = {isa = PBXBuildFile; fileRef = 00B784AF0FF439BC000DE1D7 /* Accelerate.framework */; };
		00B784B40FF439BC000DE1D7 /* AudioToolbox.framework in Frameworks */ = {isa = PBXBuildFile; fileRef = 00B784B00FF439BC000DE1D7 /* AudioToolbox.framework */; };
		00B784B50FF439BC000DE1D7 /* AudioUnit.framework in Frameworks */ = {isa = PBXBuildFile; fileRef = 00B784B10FF439BC000DE1D7 /* AudioUnit.framework */; };
		00B784B60FF439BC000DE1D7 /* CoreAudio.framework in Frameworks */ = {isa = PBXBuildFile; fileRef = 00B784B20FF439BC000DE1D7 /* CoreAudio.framework */; };
		00B9955A1B128DF400A5C623 /* IOKit.framework in Frameworks */ = {isa = PBXBuildFile; fileRef = 00B995581B128DF400A5C623 /* IOKit.framework */; };
		00B9955B1B128DF400A5C623 /* IOSurface.framework in Frameworks */ = {isa = PBXBuildFile; fileRef = 00B995591B128DF400A5C623 /* IOSurface.framework */; };
		26054E9A1FD8726C007DB5F8 /* View.cpp in Sources */ = {isa = PBXBuildFile; fileRef = 26054E991FD8726C007DB5F8 /* View.cpp */; };
		26054EA71FD88259007DB5F8 /* ImageView.cpp in Sources */ = {isa = PBXBuildFile; fileRef = 26054EA61FD88259007DB5F8 /* ImageView.cpp */; };
		262003BF20126E1B003AEFE8 /* Images.xcassets in Resources */ = {isa = PBXBuildFile; fileRef = 262003BE20126E1B003AEFE8 /* Images.xcassets */; };
		2642C0F31FD5FFA300528061 /* Gel.cpp in Sources */ = {isa = PBXBuildFile; fileRef = 2642C0F21FD5FFA300528061 /* Gel.cpp */; };
		2642C0F71FD72EE600528061 /* GelView.cpp in Sources */ = {isa = PBXBuildFile; fileRef = 2642C0F61FD72EE600528061 /* GelView.cpp */; };
		2642C0FA1FD730F000528061 /* Sample.cpp in Sources */ = {isa = PBXBuildFile; fileRef = 2642C0F91FD730F000528061 /* Sample.cpp */; };
		2642C0FE1FD75FBC00528061 /* assets in Resources */ = {isa = PBXBuildFile; fileRef = 2642C0FD1FD75FBC00528061 /* assets */; };
		268BF8CA202248E100E6553F /* GelSim.cpp in Sources */ = {isa = PBXBuildFile; fileRef = 268BF8C9202248E100E6553F /* GelSim.cpp */; };
		2693E3262000415300633564 /* SampleView.cpp in Sources */ = {isa = PBXBuildFile; fileRef = 2693E3252000415300633564 /* SampleView.cpp */; };
		2693E3292004019800633564 /* FragmentView.cpp in Sources */ = {isa = PBXBuildFile; fileRef = 2693E3282004019800633564 /* FragmentView.cpp */; };
		26A4B747200ED29600D2119E /* Credits.rtf in Resources */ = {isa = PBXBuildFile; fileRef = 26A4B746200ED29600D2119E /* Credits.rtf */; };
		26C36DCC203246C700229323 /* BufferView.cpp in Sources */ = {isa = PBXBuildFile; fileRef = 26C36DCB203246C700229323 /* BufferView.cpp */; };
		26C36DD42033961200229323 /* ColorPaletteView.cpp in Sources */ = {isa = PBXBuildFile; fileRef = 26C36DD32033961200229323 /* ColorPaletteView.cpp */; };
		26C36DD72033B84F00229323 /* Dye.cpp in Sources */ = {isa = PBXBuildFile; fileRef = 26C36DD62033B84F00229323 /* Dye.cpp */; };
		26C36DDA2034B1D900229323 /* Buffer.cpp in Sources */ = {isa = PBXBuildFile; fileRef = 26C36DD92034B1D900229323 /* Buffer.cpp */; };
		26CEEA621FE86194003AAE8D /* Interaction.cpp in Sources */ = {isa = PBXBuildFile; fileRef = 26CEEA611FE86194003AAE8D /* Interaction.cpp */; };
		26FC514320193B3B0004A458 /* Slider.cpp in Sources */ = {isa = PBXBuildFile; fileRef = 26FC514220193B3B0004A458 /* Slider.cpp */; };
		26FC514720194F1F0004A458 /* SliderView.cpp in Sources */ = {isa = PBXBuildFile; fileRef = 26FC514620194F1F0004A458 /* SliderView.cpp */; };
		5323E6B20EAFCA74003A9687 /* CoreVideo.framework in Frameworks */ = {isa = PBXBuildFile; fileRef = 5323E6B10EAFCA74003A9687 /* CoreVideo.framework */; };
		5BABC631A5484737AB27EE73 /* GelboxApp.cpp in Sources */ = {isa = PBXBuildFile; fileRef = ABD8A9D321AC4187846DB4F6 /* GelboxApp.cpp */; };
		8D11072F0486CEB800E47090 /* Cocoa.framework in Frameworks */ = {isa = PBXBuildFile; fileRef = 1058C7A1FEA54F0111CA2CBB /* Cocoa.framework */; };
/* End PBXBuildFile section */

/* Begin PBXFileReference section */
		006D720219952D00008149E2 /* AVFoundation.framework */ = {isa = PBXFileReference; lastKnownFileType = wrapper.framework; name = AVFoundation.framework; path = System/Library/Frameworks/AVFoundation.framework; sourceTree = SDKROOT; };
		006D720319952D00008149E2 /* CoreMedia.framework */ = {isa = PBXFileReference; lastKnownFileType = wrapper.framework; name = CoreMedia.framework; path = System/Library/Frameworks/CoreMedia.framework; sourceTree = SDKROOT; };
		0091D8F80E81B9330029341E /* OpenGL.framework */ = {isa = PBXFileReference; lastKnownFileType = wrapper.framework; name = OpenGL.framework; path = /System/Library/Frameworks/OpenGL.framework; sourceTree = "<absolute>"; };
		00B784AF0FF439BC000DE1D7 /* Accelerate.framework */ = {isa = PBXFileReference; lastKnownFileType = wrapper.framework; name = Accelerate.framework; path = System/Library/Frameworks/Accelerate.framework; sourceTree = SDKROOT; };
		00B784B00FF439BC000DE1D7 /* AudioToolbox.framework */ = {isa = PBXFileReference; lastKnownFileType = wrapper.framework; name = AudioToolbox.framework; path = System/Library/Frameworks/AudioToolbox.framework; sourceTree = SDKROOT; };
		00B784B10FF439BC000DE1D7 /* AudioUnit.framework */ = {isa = PBXFileReference; lastKnownFileType = wrapper.framework; name = AudioUnit.framework; path = System/Library/Frameworks/AudioUnit.framework; sourceTree = SDKROOT; };
		00B784B20FF439BC000DE1D7 /* CoreAudio.framework */ = {isa = PBXFileReference; lastKnownFileType = wrapper.framework; name = CoreAudio.framework; path = System/Library/Frameworks/CoreAudio.framework; sourceTree = SDKROOT; };
		00B995581B128DF400A5C623 /* IOKit.framework */ = {isa = PBXFileReference; lastKnownFileType = wrapper.framework; name = IOKit.framework; path = System/Library/Frameworks/IOKit.framework; sourceTree = SDKROOT; };
		00B995591B128DF400A5C623 /* IOSurface.framework */ = {isa = PBXFileReference; lastKnownFileType = wrapper.framework; name = IOSurface.framework; path = System/Library/Frameworks/IOSurface.framework; sourceTree = SDKROOT; };
		1058C7A1FEA54F0111CA2CBB /* Cocoa.framework */ = {isa = PBXFileReference; lastKnownFileType = wrapper.framework; name = Cocoa.framework; path = /System/Library/Frameworks/Cocoa.framework; sourceTree = "<absolute>"; };
		2029F7E3D4854834BD477628 /* Gelbox_Prefix.pch */ = {isa = PBXFileReference; lastKnownFileType = "\"\""; path = Gelbox_Prefix.pch; sourceTree = "<group>"; };
		26054E981FD87264007DB5F8 /* View.h */ = {isa = PBXFileReference; lastKnownFileType = sourcecode.c.h; name = View.h; path = ../include/View.h; sourceTree = "<group>"; };
		26054E991FD8726C007DB5F8 /* View.cpp */ = {isa = PBXFileReference; fileEncoding = 4; lastKnownFileType = sourcecode.cpp.cpp; name = View.cpp; path = ../src/View.cpp; sourceTree = "<group>"; };
		26054E9C1FD87473007DB5F8 /* README.md */ = {isa = PBXFileReference; fileEncoding = 4; lastKnownFileType = net.daringfireball.markdown; name = README.md; path = ../README.md; sourceTree = "<group>"; };
		26054EA01FD874C2007DB5F8 /* LICENSE */ = {isa = PBXFileReference; fileEncoding = 4; lastKnownFileType = text; name = LICENSE; path = ../LICENSE; sourceTree = "<group>"; };
		26054EA21FD874D1007DB5F8 /* Changes.md */ = {isa = PBXFileReference; fileEncoding = 4; lastKnownFileType = net.daringfireball.markdown; name = Changes.md; path = ../Changes.md; sourceTree = "<group>"; };
		26054EA61FD88259007DB5F8 /* ImageView.cpp */ = {isa = PBXFileReference; fileEncoding = 4; lastKnownFileType = sourcecode.cpp.cpp; name = ImageView.cpp; path = ../src/ImageView.cpp; sourceTree = "<group>"; };
		26054EA81FD8826A007DB5F8 /* ImageView.h */ = {isa = PBXFileReference; lastKnownFileType = sourcecode.c.h; name = ImageView.h; path = ../include/ImageView.h; sourceTree = "<group>"; };
		262003BE20126E1B003AEFE8 /* Images.xcassets */ = {isa = PBXFileReference; lastKnownFileType = folder.assetcatalog; name = Images.xcassets; path = Gelbox/Images.xcassets; sourceTree = "<group>"; };
		26247E6E1FDF0BF00094711F /* GelboxApp.h */ = {isa = PBXFileReference; lastKnownFileType = sourcecode.c.h; name = GelboxApp.h; path = ../include/GelboxApp.h; sourceTree = "<group>"; };
		26247E711FE1A9890094711F /* TODO.md */ = {isa = PBXFileReference; fileEncoding = 4; lastKnownFileType = net.daringfireball.markdown; name = TODO.md; path = ../TODO.md; sourceTree = "<group>"; };
		2642C0F21FD5FFA300528061 /* Gel.cpp */ = {isa = PBXFileReference; fileEncoding = 4; lastKnownFileType = sourcecode.cpp.cpp; name = Gel.cpp; path = ../src/Gel.cpp; sourceTree = "<group>"; };
		2642C0F41FD5FFB000528061 /* Gel.h */ = {isa = PBXFileReference; lastKnownFileType = sourcecode.c.h; name = Gel.h; path = ../include/Gel.h; sourceTree = "<group>"; };
		2642C0F51FD72ED700528061 /* GelView.h */ = {isa = PBXFileReference; lastKnownFileType = sourcecode.c.h; name = GelView.h; path = ../include/GelView.h; sourceTree = "<group>"; };
		2642C0F61FD72EE600528061 /* GelView.cpp */ = {isa = PBXFileReference; fileEncoding = 4; lastKnownFileType = sourcecode.cpp.cpp; name = GelView.cpp; path = ../src/GelView.cpp; sourceTree = "<group>"; };
		2642C0F81FD7300D00528061 /* Sample.h */ = {isa = PBXFileReference; lastKnownFileType = sourcecode.c.h; name = Sample.h; path = ../include/Sample.h; sourceTree = "<group>"; };
		2642C0F91FD730F000528061 /* Sample.cpp */ = {isa = PBXFileReference; fileEncoding = 4; lastKnownFileType = sourcecode.cpp.cpp; name = Sample.cpp; path = ../src/Sample.cpp; sourceTree = "<group>"; };
		2642C0FD1FD75FBC00528061 /* assets */ = {isa = PBXFileReference; lastKnownFileType = folder; name = assets; path = ../assets; sourceTree = "<group>"; };
		268BF8C8202248C400E6553F /* GelSim.h */ = {isa = PBXFileReference; lastKnownFileType = sourcecode.c.h; name = GelSim.h; path = ../include/GelSim.h; sourceTree = "<group>"; };
		268BF8C9202248E100E6553F /* GelSim.cpp */ = {isa = PBXFileReference; fileEncoding = 4; lastKnownFileType = sourcecode.cpp.cpp; name = GelSim.cpp; path = ../src/GelSim.cpp; sourceTree = "<group>"; };
		2693E3242000407400633564 /* SampleView.h */ = {isa = PBXFileReference; lastKnownFileType = sourcecode.c.h; name = SampleView.h; path = ../include/SampleView.h; sourceTree = "<group>"; };
		2693E3252000415300633564 /* SampleView.cpp */ = {isa = PBXFileReference; fileEncoding = 4; lastKnownFileType = sourcecode.cpp.cpp; name = SampleView.cpp; path = ../src/SampleView.cpp; sourceTree = "<group>"; };
		2693E3272004018B00633564 /* FragmentView.h */ = {isa = PBXFileReference; lastKnownFileType = sourcecode.c.h; name = FragmentView.h; path = ../include/FragmentView.h; sourceTree = "<group>"; };
		2693E3282004019800633564 /* FragmentView.cpp */ = {isa = PBXFileReference; fileEncoding = 4; lastKnownFileType = sourcecode.cpp.cpp; name = FragmentView.cpp; path = ../src/FragmentView.cpp; sourceTree = "<group>"; };
		26A4B746200ED29600D2119E /* Credits.rtf */ = {isa = PBXFileReference; fileEncoding = 4; lastKnownFileType = text.rtf; name = Credits.rtf; path = ../assets/Credits.rtf; sourceTree = "<group>"; };
		26C36DCA203246AC00229323 /* BufferView.h */ = {isa = PBXFileReference; lastKnownFileType = sourcecode.c.h; name = BufferView.h; path = ../include/BufferView.h; sourceTree = "<group>"; };
		26C36DCB203246C700229323 /* BufferView.cpp */ = {isa = PBXFileReference; fileEncoding = 4; lastKnownFileType = sourcecode.cpp.cpp; name = BufferView.cpp; path = ../src/BufferView.cpp; sourceTree = "<group>"; };
		26C36DCD20338EE200229323 /* virtual_shared_ptr.h */ = {isa = PBXFileReference; lastKnownFileType = sourcecode.c.h; name = virtual_shared_ptr.h; path = ../include/virtual_shared_ptr.h; sourceTree = "<group>"; };
		26C36DD2203395BA00229323 /* ColorPaletteView.h */ = {isa = PBXFileReference; lastKnownFileType = sourcecode.c.h; name = ColorPaletteView.h; path = ../include/ColorPaletteView.h; sourceTree = "<group>"; };
		26C36DD32033961200229323 /* ColorPaletteView.cpp */ = {isa = PBXFileReference; fileEncoding = 4; lastKnownFileType = sourcecode.cpp.cpp; name = ColorPaletteView.cpp; path = ../src/ColorPaletteView.cpp; sourceTree = "<group>"; };
		26C36DD52033B28B00229323 /* Dye.h */ = {isa = PBXFileReference; lastKnownFileType = sourcecode.c.h; name = Dye.h; path = ../include/Dye.h; sourceTree = "<group>"; };
		26C36DD62033B84F00229323 /* Dye.cpp */ = {isa = PBXFileReference; fileEncoding = 4; lastKnownFileType = sourcecode.cpp.cpp; name = Dye.cpp; path = ../src/Dye.cpp; sourceTree = "<group>"; };
		26C36DD82034AA0D00229323 /* Buffer.h */ = {isa = PBXFileReference; lastKnownFileType = sourcecode.c.h; name = Buffer.h; path = ../include/Buffer.h; sourceTree = "<group>"; };
		26C36DD92034B1D900229323 /* Buffer.cpp */ = {isa = PBXFileReference; fileEncoding = 4; lastKnownFileType = sourcecode.cpp.cpp; name = Buffer.cpp; path = ../src/Buffer.cpp; sourceTree = "<group>"; };
		26CEEA5F1FE860E2003AAE8D /* NodeView.h */ = {isa = PBXFileReference; lastKnownFileType = sourcecode.c.h; name = NodeView.h; path = ../include/NodeView.h; sourceTree = "<group>"; };
		26CEEA601FE86151003AAE8D /* Interaction.h */ = {isa = PBXFileReference; lastKnownFileType = sourcecode.c.h; name = Interaction.h; path = ../include/Interaction.h; sourceTree = "<group>"; };
		26CEEA611FE86194003AAE8D /* Interaction.cpp */ = {isa = PBXFileReference; fileEncoding = 4; lastKnownFileType = sourcecode.cpp.cpp; name = Interaction.cpp; path = ../src/Interaction.cpp; sourceTree = "<group>"; };
		26CEEA691FE873D8003AAE8D /* Interactions.h */ = {isa = PBXFileReference; lastKnownFileType = sourcecode.c.h; name = Interactions.h; path = ../include/Interactions.h; sourceTree = "<group>"; };
		26FC514120193A950004A458 /* Slider.h */ = {isa = PBXFileReference; lastKnownFileType = sourcecode.c.h; name = Slider.h; path = ../include/Slider.h; sourceTree = "<group>"; };
		26FC514220193B3B0004A458 /* Slider.cpp */ = {isa = PBXFileReference; fileEncoding = 4; lastKnownFileType = sourcecode.cpp.cpp; name = Slider.cpp; path = ../src/Slider.cpp; sourceTree = "<group>"; };
		26FC514420193F2B0004A458 /* Gelbox.h */ = {isa = PBXFileReference; lastKnownFileType = sourcecode.c.h; name = Gelbox.h; path = ../include/Gelbox.h; sourceTree = "<group>"; };
		26FC514520194E550004A458 /* SliderView.h */ = {isa = PBXFileReference; lastKnownFileType = sourcecode.c.h; name = SliderView.h; path = ../src/SliderView.h; sourceTree = "<group>"; };
		26FC514620194F1F0004A458 /* SliderView.cpp */ = {isa = PBXFileReference; fileEncoding = 4; lastKnownFileType = sourcecode.cpp.cpp; name = SliderView.cpp; path = ../src/SliderView.cpp; sourceTree = "<group>"; };
		29B97324FDCFA39411CA2CEA /* AppKit.framework */ = {isa = PBXFileReference; lastKnownFileType = wrapper.framework; name = AppKit.framework; path = /System/Library/Frameworks/AppKit.framework; sourceTree = "<absolute>"; };
		29B97325FDCFA39411CA2CEA /* Foundation.framework */ = {isa = PBXFileReference; lastKnownFileType = wrapper.framework; name = Foundation.framework; path = /System/Library/Frameworks/Foundation.framework; sourceTree = "<absolute>"; };
		3F767EEAAB7446E0BA4CB4C1 /* Info.plist */ = {isa = PBXFileReference; lastKnownFileType = text.plist.xml; path = Info.plist; sourceTree = "<group>"; };
		5323E6B10EAFCA74003A9687 /* CoreVideo.framework */ = {isa = PBXFileReference; lastKnownFileType = wrapper.framework; name = CoreVideo.framework; path = /System/Library/Frameworks/CoreVideo.framework; sourceTree = "<absolute>"; };
		7DB7066D3F64466AB6A78935 /* Resources.h */ = {isa = PBXFileReference; lastKnownFileType = sourcecode.c.h; name = Resources.h; path = ../include/Resources.h; sourceTree = "<group>"; };
		8D1107320486CEB800E47090 /* Gelbox.app */ = {isa = PBXFileReference; explicitFileType = wrapper.application; includeInIndex = 0; path = Gelbox.app; sourceTree = BUILT_PRODUCTS_DIR; };
		ABD8A9D321AC4187846DB4F6 /* GelboxApp.cpp */ = {isa = PBXFileReference; lastKnownFileType = sourcecode.c.cpp; name = GelboxApp.cpp; path = ../src/GelboxApp.cpp; sourceTree = "<group>"; };
/* End PBXFileReference section */

/* Begin PBXFrameworksBuildPhase section */
		8D11072E0486CEB800E47090 /* Frameworks */ = {
			isa = PBXFrameworksBuildPhase;
			buildActionMask = 2147483647;
			files = (
				006D720419952D00008149E2 /* AVFoundation.framework in Frameworks */,
				006D720519952D00008149E2 /* CoreMedia.framework in Frameworks */,
				8D11072F0486CEB800E47090 /* Cocoa.framework in Frameworks */,
				0091D8F90E81B9330029341E /* OpenGL.framework in Frameworks */,
				5323E6B20EAFCA74003A9687 /* CoreVideo.framework in Frameworks */,
				00B784B30FF439BC000DE1D7 /* Accelerate.framework in Frameworks */,
				00B784B40FF439BC000DE1D7 /* AudioToolbox.framework in Frameworks */,
				00B784B50FF439BC000DE1D7 /* AudioUnit.framework in Frameworks */,
				00B784B60FF439BC000DE1D7 /* CoreAudio.framework in Frameworks */,
				00B9955A1B128DF400A5C623 /* IOKit.framework in Frameworks */,
				00B9955B1B128DF400A5C623 /* IOSurface.framework in Frameworks */,
			);
			runOnlyForDeploymentPostprocessing = 0;
		};
/* End PBXFrameworksBuildPhase section */

/* Begin PBXGroup section */
		01B97315FEAEA392516A2CEA /* Blocks */ = {
			isa = PBXGroup;
			children = (
			);
			name = Blocks;
			sourceTree = "<group>";
		};
		080E96DDFE201D6D7F000001 /* Source */ = {
			isa = PBXGroup;
			children = (
				ABD8A9D321AC4187846DB4F6 /* GelboxApp.cpp */,
				26C36DCF2033952F00229323 /* Sim */,
				26C36DCE2033951600229323 /* UI */,
			);
			name = Source;
			sourceTree = "<group>";
		};
		1058C7A0FEA54F0111CA2CBB /* Linked Frameworks */ = {
			isa = PBXGroup;
			children = (
				006D720219952D00008149E2 /* AVFoundation.framework */,
				006D720319952D00008149E2 /* CoreMedia.framework */,
				00B784AF0FF439BC000DE1D7 /* Accelerate.framework */,
				00B784B00FF439BC000DE1D7 /* AudioToolbox.framework */,
				00B784B10FF439BC000DE1D7 /* AudioUnit.framework */,
				00B784B20FF439BC000DE1D7 /* CoreAudio.framework */,
				5323E6B10EAFCA74003A9687 /* CoreVideo.framework */,
				0091D8F80E81B9330029341E /* OpenGL.framework */,
				1058C7A1FEA54F0111CA2CBB /* Cocoa.framework */,
				00B995581B128DF400A5C623 /* IOKit.framework */,
				00B995591B128DF400A5C623 /* IOSurface.framework */,
			);
			name = "Linked Frameworks";
			sourceTree = "<group>";
		};
		1058C7A2FEA54F0111CA2CBB /* Other Frameworks */ = {
			isa = PBXGroup;
			children = (
				29B97324FDCFA39411CA2CEA /* AppKit.framework */,
				29B97325FDCFA39411CA2CEA /* Foundation.framework */,
			);
			name = "Other Frameworks";
			sourceTree = "<group>";
		};
		19C28FACFE9D520D11CA2CBB /* Products */ = {
			isa = PBXGroup;
			children = (
				8D1107320486CEB800E47090 /* Gelbox.app */,
			);
			name = Products;
			sourceTree = "<group>";
		};
		26247E6F1FDF2DAB0094711F /* Views */ = {
			isa = PBXGroup;
			children = (
				26054E981FD87264007DB5F8 /* View.h */,
				2642C0F51FD72ED700528061 /* GelView.h */,
				26054EA81FD8826A007DB5F8 /* ImageView.h */,
				26CEEA5F1FE860E2003AAE8D /* NodeView.h */,
				2693E3242000407400633564 /* SampleView.h */,
				26C36DCA203246AC00229323 /* BufferView.h */,
				2693E3272004018B00633564 /* FragmentView.h */,
				26FC514520194E550004A458 /* SliderView.h */,
				26C36DD2203395BA00229323 /* ColorPaletteView.h */,
			);
			name = Views;
			sourceTree = "<group>";
		};
		26247E701FDF2DCC0094711F /* Views */ = {
			isa = PBXGroup;
			children = (
				26054E991FD8726C007DB5F8 /* View.cpp */,
				2642C0F61FD72EE600528061 /* GelView.cpp */,
				26054EA61FD88259007DB5F8 /* ImageView.cpp */,
				2693E3252000415300633564 /* SampleView.cpp */,
				26C36DCB203246C700229323 /* BufferView.cpp */,
				2693E3282004019800633564 /* FragmentView.cpp */,
				26FC514620194F1F0004A458 /* SliderView.cpp */,
				26C36DD32033961200229323 /* ColorPaletteView.cpp */,
			);
			name = Views;
			sourceTree = "<group>";
		};
		26C36DCE2033951600229323 /* UI */ = {
			isa = PBXGroup;
			children = (
				26CEEA611FE86194003AAE8D /* Interaction.cpp */,
				26FC514220193B3B0004A458 /* Slider.cpp */,
				26247E701FDF2DCC0094711F /* Views */,
			);
			name = UI;
			sourceTree = "<group>";
		};
		26C36DCF2033952F00229323 /* Sim */ = {
			isa = PBXGroup;
			children = (
				2642C0F21FD5FFA300528061 /* Gel.cpp */,
				2642C0F91FD730F000528061 /* Sample.cpp */,
				268BF8C9202248E100E6553F /* GelSim.cpp */,
				26C36DD62033B84F00229323 /* Dye.cpp */,
				26C36DD92034B1D900229323 /* Buffer.cpp */,
			);
			name = Sim;
			sourceTree = "<group>";
		};
		26C36DD02033954300229323 /* UI */ = {
			isa = PBXGroup;
			children = (
				26CEEA601FE86151003AAE8D /* Interaction.h */,
				26CEEA691FE873D8003AAE8D /* Interactions.h */,
				26FC514120193A950004A458 /* Slider.h */,
				26247E6F1FDF2DAB0094711F /* Views */,
			);
			name = UI;
			sourceTree = "<group>";
		};
		26C36DD12033954800229323 /* Sim */ = {
			isa = PBXGroup;
			children = (
				2642C0F41FD5FFB000528061 /* Gel.h */,
				268BF8C8202248C400E6553F /* GelSim.h */,
				2642C0F81FD7300D00528061 /* Sample.h */,
				26C36DD52033B28B00229323 /* Dye.h */,
				26C36DD82034AA0D00229323 /* Buffer.h */,
			);
			name = Sim;
			sourceTree = "<group>";
		};
		29B97314FDCFA39411CA2CEA /* Gelbox */ = {
			isa = PBXGroup;
			children = (
				26247E711FE1A9890094711F /* TODO.md */,
				26054EA21FD874D1007DB5F8 /* Changes.md */,
				26054E9C1FD87473007DB5F8 /* README.md */,
				26054EA01FD874C2007DB5F8 /* LICENSE */,
				01B97315FEAEA392516A2CEA /* Blocks */,
				29B97315FDCFA39411CA2CEA /* Headers */,
				080E96DDFE201D6D7F000001 /* Source */,
				29B97317FDCFA39411CA2CEA /* Resources */,
				29B97323FDCFA39411CA2CEA /* Frameworks */,
				19C28FACFE9D520D11CA2CBB /* Products */,
				2642C0FD1FD75FBC00528061 /* assets */,
			);
			name = Gelbox;
			sourceTree = "<group>";
		};
		29B97315FDCFA39411CA2CEA /* Headers */ = {
			isa = PBXGroup;
			children = (
				26247E6E1FDF0BF00094711F /* GelboxApp.h */,
				26C36DD12033954800229323 /* Sim */,
				26C36DD02033954300229323 /* UI */,
				26FC514420193F2B0004A458 /* Gelbox.h */,
				7DB7066D3F64466AB6A78935 /* Resources.h */,
				2029F7E3D4854834BD477628 /* Gelbox_Prefix.pch */,
				26C36DCD20338EE200229323 /* virtual_shared_ptr.h */,
			);
			name = Headers;
			sourceTree = "<group>";
		};
		29B97317FDCFA39411CA2CEA /* Resources */ = {
			isa = PBXGroup;
			children = (
				262003BE20126E1B003AEFE8 /* Images.xcassets */,
				3F767EEAAB7446E0BA4CB4C1 /* Info.plist */,
				26A4B746200ED29600D2119E /* Credits.rtf */,
			);
			name = Resources;
			sourceTree = "<group>";
		};
		29B97323FDCFA39411CA2CEA /* Frameworks */ = {
			isa = PBXGroup;
			children = (
				1058C7A0FEA54F0111CA2CBB /* Linked Frameworks */,
				1058C7A2FEA54F0111CA2CBB /* Other Frameworks */,
			);
			name = Frameworks;
			sourceTree = "<group>";
		};
/* End PBXGroup section */

/* Begin PBXNativeTarget section */
		8D1107260486CEB800E47090 /* Gelbox */ = {
			isa = PBXNativeTarget;
			buildConfigurationList = C01FCF4A08A954540054247B /* Build configuration list for PBXNativeTarget "Gelbox" */;
			buildPhases = (
				8D1107290486CEB800E47090 /* Resources */,
				8D11072C0486CEB800E47090 /* Sources */,
				8D11072E0486CEB800E47090 /* Frameworks */,
			);
			buildRules = (
			);
			dependencies = (
			);
			name = Gelbox;
			productInstallPath = "$(HOME)/Applications";
			productName = Gelbox;
			productReference = 8D1107320486CEB800E47090 /* Gelbox.app */;
			productType = "com.apple.product-type.application";
		};
/* End PBXNativeTarget section */

/* Begin PBXProject section */
		29B97313FDCFA39411CA2CEA /* Project object */ = {
			isa = PBXProject;
			attributes = {
			};
			buildConfigurationList = C01FCF4E08A954540054247B /* Build configuration list for PBXProject "Gelbox" */;
			compatibilityVersion = "Xcode 3.2";
			developmentRegion = English;
			hasScannedForEncodings = 1;
			knownRegions = (
				English,
				Japanese,
				French,
				German,
			);
			mainGroup = 29B97314FDCFA39411CA2CEA /* Gelbox */;
			projectDirPath = "";
			projectRoot = "";
			targets = (
				8D1107260486CEB800E47090 /* Gelbox */,
			);
		};
/* End PBXProject section */

/* Begin PBXResourcesBuildPhase section */
		8D1107290486CEB800E47090 /* Resources */ = {
			isa = PBXResourcesBuildPhase;
			buildActionMask = 2147483647;
			files = (
				262003BF20126E1B003AEFE8 /* Images.xcassets in Resources */,
				26A4B747200ED29600D2119E /* Credits.rtf in Resources */,
				2642C0FE1FD75FBC00528061 /* assets in Resources */,
			);
			runOnlyForDeploymentPostprocessing = 0;
		};
/* End PBXResourcesBuildPhase section */

/* Begin PBXSourcesBuildPhase section */
		8D11072C0486CEB800E47090 /* Sources */ = {
			isa = PBXSourcesBuildPhase;
			buildActionMask = 2147483647;
			files = (
				26C36DD72033B84F00229323 /* Dye.cpp in Sources */,
				2693E3262000415300633564 /* SampleView.cpp in Sources */,
				2642C0F71FD72EE600528061 /* GelView.cpp in Sources */,
				2642C0F31FD5FFA300528061 /* Gel.cpp in Sources */,
				26CEEA621FE86194003AAE8D /* Interaction.cpp in Sources */,
				26C36DDA2034B1D900229323 /* Buffer.cpp in Sources */,
				26C36DCC203246C700229323 /* BufferView.cpp in Sources */,
				2693E3292004019800633564 /* FragmentView.cpp in Sources */,
				26054EA71FD88259007DB5F8 /* ImageView.cpp in Sources */,
				5BABC631A5484737AB27EE73 /* GelboxApp.cpp in Sources */,
				2642C0FA1FD730F000528061 /* Sample.cpp in Sources */,
				268BF8CA202248E100E6553F /* GelSim.cpp in Sources */,
				26FC514720194F1F0004A458 /* SliderView.cpp in Sources */,
				26FC514320193B3B0004A458 /* Slider.cpp in Sources */,
				26054E9A1FD8726C007DB5F8 /* View.cpp in Sources */,
				26C36DD42033961200229323 /* ColorPaletteView.cpp in Sources */,
			);
			runOnlyForDeploymentPostprocessing = 0;
		};
/* End PBXSourcesBuildPhase section */

/* Begin XCBuildConfiguration section */
		C01FCF4B08A954540054247B /* Debug */ = {
			isa = XCBuildConfiguration;
			buildSettings = {
				ASSETCATALOG_COMPILER_APPICON_NAME = AppIcon;
				CLANG_CXX_LANGUAGE_STANDARD = "c++14";
				COMBINE_HIDPI_IMAGES = YES;
				COPY_PHASE_STRIP = NO;
				DEAD_CODE_STRIPPING = YES;
				GCC_DYNAMIC_NO_PIC = NO;
				GCC_INLINES_ARE_PRIVATE_EXTERN = YES;
				GCC_OPTIMIZATION_LEVEL = 0;
				GCC_PRECOMPILE_PREFIX_HEADER = YES;
				GCC_PREFIX_HEADER = Gelbox_Prefix.pch;
				GCC_PREPROCESSOR_DEFINITIONS = (
					"DEBUG=1",
					"$(inherited)",
				);
				GCC_SYMBOLS_PRIVATE_EXTERN = NO;
				INFOPLIST_FILE = Info.plist;
				INSTALL_PATH = "$(HOME)/Applications";
				OTHER_LDFLAGS = "\"$(CINDER_PATH)/lib/libcinder_d.a\"";
				PRODUCT_BUNDLE_IDENTIFIER = "org.libcinder.${PRODUCT_NAME:rfc1034identifier}";
				PRODUCT_NAME = Gelbox;
				SYMROOT = ./build;
				WRAPPER_EXTENSION = app;
			};
			name = Debug;
		};
		C01FCF4C08A954540054247B /* Release */ = {
			isa = XCBuildConfiguration;
			buildSettings = {
				ASSETCATALOG_COMPILER_APPICON_NAME = AppIcon;
				CLANG_CXX_LANGUAGE_STANDARD = "c++14";
				COMBINE_HIDPI_IMAGES = YES;
				DEAD_CODE_STRIPPING = YES;
				DEBUG_INFORMATION_FORMAT = "dwarf-with-dsym";
				GCC_FAST_MATH = YES;
				GCC_GENERATE_DEBUGGING_SYMBOLS = NO;
				GCC_INLINES_ARE_PRIVATE_EXTERN = YES;
				GCC_OPTIMIZATION_LEVEL = 3;
				GCC_PRECOMPILE_PREFIX_HEADER = YES;
				GCC_PREFIX_HEADER = Gelbox_Prefix.pch;
				GCC_PREPROCESSOR_DEFINITIONS = (
					"NDEBUG=1",
					"$(inherited)",
				);
				GCC_SYMBOLS_PRIVATE_EXTERN = NO;
				INFOPLIST_FILE = Info.plist;
				INSTALL_PATH = "$(HOME)/Applications";
				OTHER_LDFLAGS = "\"$(CINDER_PATH)/lib/libcinder.a\"";
				PRODUCT_BUNDLE_IDENTIFIER = "org.libcinder.${PRODUCT_NAME:rfc1034identifier}";
				PRODUCT_NAME = Gelbox;
				STRIP_INSTALLED_PRODUCT = YES;
				SYMROOT = ./build;
				WRAPPER_EXTENSION = app;
			};
			name = Release;
		};
		C01FCF4F08A954540054247B /* Debug */ = {
			isa = XCBuildConfiguration;
			buildSettings = {
				ALWAYS_SEARCH_USER_PATHS = NO;
				CINDER_PATH = ../../../../../Code/cinder_0.9.0_mac;
				CLANG_CXX_LANGUAGE_STANDARD = "c++11";
				CLANG_CXX_LIBRARY = "libc++";
				ENABLE_TESTABILITY = YES;
				GCC_WARN_ABOUT_RETURN_TYPE = YES;
				GCC_WARN_UNUSED_VARIABLE = YES;
				HEADER_SEARCH_PATHS = "\"$(CINDER_PATH)/include\"";
				MACOSX_DEPLOYMENT_TARGET = 10.8;
				ONLY_ACTIVE_ARCH = YES;
				SDKROOT = macosx;
				USER_HEADER_SEARCH_PATHS = "\"$(CINDER_PATH)/include\" ../include";
			};
			name = Debug;
		};
		C01FCF5008A954540054247B /* Release */ = {
			isa = XCBuildConfiguration;
			buildSettings = {
				ALWAYS_SEARCH_USER_PATHS = NO;
				CINDER_PATH = ../../../../../Code/cinder_0.9.0_mac;
				CLANG_CXX_LANGUAGE_STANDARD = "c++11";
				CLANG_CXX_LIBRARY = "libc++";
				GCC_WARN_ABOUT_RETURN_TYPE = YES;
				GCC_WARN_UNUSED_VARIABLE = YES;
				HEADER_SEARCH_PATHS = "\"$(CINDER_PATH)/include\"";
				MACOSX_DEPLOYMENT_TARGET = 10.8;
				SDKROOT = macosx;
				USER_HEADER_SEARCH_PATHS = "\"$(CINDER_PATH)/include\" ../include";
			};
			name = Release;
		};
/* End XCBuildConfiguration section */

/* Begin XCConfigurationList section */
		C01FCF4A08A954540054247B /* Build configuration list for PBXNativeTarget "Gelbox" */ = {
			isa = XCConfigurationList;
			buildConfigurations = (
				C01FCF4B08A954540054247B /* Debug */,
				C01FCF4C08A954540054247B /* Release */,
			);
			defaultConfigurationIsVisible = 0;
			defaultConfigurationName = Release;
		};
		C01FCF4E08A954540054247B /* Build configuration list for PBXProject "Gelbox" */ = {
			isa = XCConfigurationList;
			buildConfigurations = (
				C01FCF4F08A954540054247B /* Debug */,
				C01FCF5008A954540054247B /* Release */,
			);
			defaultConfigurationIsVisible = 0;
			defaultConfigurationName = Release;
		};
/* End XCConfigurationList section */
	};
	rootObject = 29B97313FDCFA39411CA2CEA /* Project object */;
}
